// !$*UTF8*$!
{
	archiveVersion = 1;
	classes = {
	};
	objectVersion = 48;
	objects = {

/* Begin PBXBuildFile section */
		370832B01FE2847F00D4DC86 /* IncomingCallViewController.swift in Sources */ = {isa = PBXBuildFile; fileRef = 370832AF1FE2847F00D4DC86 /* IncomingCallViewController.swift */; };
		370832B61FE3800200D4DC86 /* CallManager.swift in Sources */ = {isa = PBXBuildFile; fileRef = 370832B51FE3800200D4DC86 /* CallManager.swift */; };
		370832B81FE3806700D4DC86 /* User.swift in Sources */ = {isa = PBXBuildFile; fileRef = 370832B71FE3806700D4DC86 /* User.swift */; };
		3714597F1FDFAABF00C1F14A /* AppDelegate.swift in Sources */ = {isa = PBXBuildFile; fileRef = 3714597E1FDFAABF00C1F14A /* AppDelegate.swift */; };
		371459811FDFAABF00C1F14A /* LogInViewController.swift in Sources */ = {isa = PBXBuildFile; fileRef = 371459801FDFAABF00C1F14A /* LogInViewController.swift */; };
		371459841FDFAABF00C1F14A /* Main.storyboard in Resources */ = {isa = PBXBuildFile; fileRef = 371459821FDFAABF00C1F14A /* Main.storyboard */; };
		371459861FDFAABF00C1F14A /* Assets.xcassets in Resources */ = {isa = PBXBuildFile; fileRef = 371459851FDFAABF00C1F14A /* Assets.xcassets */; };
		371459891FDFAABF00C1F14A /* LaunchScreen.storyboard in Resources */ = {isa = PBXBuildFile; fileRef = 371459871FDFAABF00C1F14A /* LaunchScreen.storyboard */; };
		371459941FDFAC1B00C1F14A /* libicucore.tbd in Frameworks */ = {isa = PBXBuildFile; fileRef = 371459931FDFAC1B00C1F14A /* libicucore.tbd */; };
		371459961FDFAC2A00C1F14A /* libc++.tbd in Frameworks */ = {isa = PBXBuildFile; fileRef = 371459951FDFAC2A00C1F14A /* libc++.tbd */; };
		371459981FDFAC3300C1F14A /* libresolv.tbd in Frameworks */ = {isa = PBXBuildFile; fileRef = 371459971FDFAC3300C1F14A /* libresolv.tbd */; };
		3714599A1FDFAC3D00C1F14A /* libxml2.tbd in Frameworks */ = {isa = PBXBuildFile; fileRef = 371459991FDFAC3D00C1F14A /* libxml2.tbd */; };
		3714599C1FDFAC4300C1F14A /* libz.tbd in Frameworks */ = {isa = PBXBuildFile; fileRef = 3714599B1FDFAC4300C1F14A /* libz.tbd */; };
		371459A51FDFAC9500C1F14A /* QuickbloxWebRTC.framework in Frameworks */ = {isa = PBXBuildFile; fileRef = 371459A31FDFAC9500C1F14A /* QuickbloxWebRTC.framework */; };
		371459A61FDFAC9500C1F14A /* Quickblox.framework in Frameworks */ = {isa = PBXBuildFile; fileRef = 371459A41FDFAC9500C1F14A /* Quickblox.framework */; };
		371459A71FDFACA800C1F14A /* Accelerate.framework in Frameworks */ = {isa = PBXBuildFile; fileRef = 371459A21FDFAC7300C1F14A /* Accelerate.framework */; };
		371459A81FDFACA800C1F14A /* VideoToolbox.framework in Frameworks */ = {isa = PBXBuildFile; fileRef = 371459A11FDFAC6E00C1F14A /* VideoToolbox.framework */; };
		371459A91FDFACA800C1F14A /* SystemConfiguration.framework in Frameworks */ = {isa = PBXBuildFile; fileRef = 371459A01FDFAC6600C1F14A /* SystemConfiguration.framework */; };
		371459AA1FDFACA800C1F14A /* MobileCoreServices.framework in Frameworks */ = {isa = PBXBuildFile; fileRef = 3714599F1FDFAC6000C1F14A /* MobileCoreServices.framework */; };
		371459AB1FDFACA800C1F14A /* GLKit.framework in Frameworks */ = {isa = PBXBuildFile; fileRef = 3714599E1FDFAC5300C1F14A /* GLKit.framework */; };
		371459AC1FDFACA800C1F14A /* CFNetwork.framework in Frameworks */ = {isa = PBXBuildFile; fileRef = 3714599D1FDFAC4A00C1F14A /* CFNetwork.framework */; };
		371459AD1FDFACBC00C1F14A /* Quickblox.framework in Frameworks */ = {isa = PBXBuildFile; fileRef = 371459A41FDFAC9500C1F14A /* Quickblox.framework */; };
		371459AE1FDFACBC00C1F14A /* Quickblox.framework in Embed Frameworks */ = {isa = PBXBuildFile; fileRef = 371459A41FDFAC9500C1F14A /* Quickblox.framework */; settings = {ATTRIBUTES = (CodeSignOnCopy, RemoveHeadersOnCopy, ); }; };
		371459AF1FDFACBC00C1F14A /* QuickbloxWebRTC.framework in Frameworks */ = {isa = PBXBuildFile; fileRef = 371459A31FDFAC9500C1F14A /* QuickbloxWebRTC.framework */; };
		371459B01FDFACBC00C1F14A /* QuickbloxWebRTC.framework in Embed Frameworks */ = {isa = PBXBuildFile; fileRef = 371459A31FDFAC9500C1F14A /* QuickbloxWebRTC.framework */; settings = {ATTRIBUTES = (CodeSignOnCopy, RemoveHeadersOnCopy, ); }; };
		371459B51FDFB16900C1F14A /* APIKey.plist in Resources */ = {isa = PBXBuildFile; fileRef = 371459B41FDFB16900C1F14A /* APIKey.plist */; };
		3717DD221FE66E35003CD462 /* HomeComponent.swift in Sources */ = {isa = PBXBuildFile; fileRef = 3717DD211FE66E35003CD462 /* HomeComponent.swift */; };
		371E76C91FF0ED9A00EF7CB2 /* ProfileImage.swift in Sources */ = {isa = PBXBuildFile; fileRef = 371E76C81FF0ED9A00EF7CB2 /* ProfileImage.swift */; };
		372E8E101FF10355002CAC96 /* Ripple.swift in Sources */ = {isa = PBXBuildFile; fileRef = 372E8E0F1FF10355002CAC96 /* Ripple.swift */; };
		372E8E121FF1076C002CAC96 /* Animation.swift in Sources */ = {isa = PBXBuildFile; fileRef = 372E8E111FF1076C002CAC96 /* Animation.swift */; };
		372E8E141FF1DD2D002CAC96 /* AgeViewController.swift in Sources */ = {isa = PBXBuildFile; fileRef = 372E8E131FF1DD2D002CAC96 /* AgeViewController.swift */; };
		372F85031FFE4C4D00D6BCB1 /* State.swift in Sources */ = {isa = PBXBuildFile; fileRef = 372F85021FFE4C4D00D6BCB1 /* State.swift */; };
		372F85051FFE552A00D6BCB1 /* EulaViewController.swift in Sources */ = {isa = PBXBuildFile; fileRef = 372F85041FFE552A00D6BCB1 /* EulaViewController.swift */; };
		372F85071FFE89CE00D6BCB1 /* Message.swift in Sources */ = {isa = PBXBuildFile; fileRef = 372F85061FFE89CE00D6BCB1 /* Message.swift */; };
		372F850A1FFF139400D6BCB1 /* ReportViewController.swift in Sources */ = {isa = PBXBuildFile; fileRef = 372F85091FFF139400D6BCB1 /* ReportViewController.swift */; };
		372F850C1FFF307C00D6BCB1 /* NoFriendViewController.swift in Sources */ = {isa = PBXBuildFile; fileRef = 372F850B1FFF307C00D6BCB1 /* NoFriendViewController.swift */; };
		373DB9F71FEA3F480041E34E /* DatabasePath.swift in Sources */ = {isa = PBXBuildFile; fileRef = 373DB9F61FEA3F480041E34E /* DatabasePath.swift */; };
		3754E2881FE122E4002604CD /* RegisterViewController.swift in Sources */ = {isa = PBXBuildFile; fileRef = 3754E2871FE122E4002604CD /* RegisterViewController.swift */; };
		3754E28A1FE12809002604CD /* QuickbloxManager.swift in Sources */ = {isa = PBXBuildFile; fileRef = 3754E2891FE12809002604CD /* QuickbloxManager.swift */; };
		375F04B61FE3A73A009D2671 /* MenuBar.swift in Sources */ = {isa = PBXBuildFile; fileRef = 375F04B51FE3A739009D2671 /* MenuBar.swift */; };
		375F04B81FE3A787009D2671 /* HomeViewController.swift in Sources */ = {isa = PBXBuildFile; fileRef = 375F04B71FE3A787009D2671 /* HomeViewController.swift */; };
		376C3FB81FEBA92900EAF188 /* GenderViewController.swift in Sources */ = {isa = PBXBuildFile; fileRef = 376C3FB71FEBA92900EAF188 /* GenderViewController.swift */; };
		376C3FBA1FEBACF900EAF188 /* PreferenceViewController.swift in Sources */ = {isa = PBXBuildFile; fileRef = 376C3FB91FEBACF900EAF188 /* PreferenceViewController.swift */; };
		376C3FBC1FEBAD9A00EAF188 /* SetImgViewController.swift in Sources */ = {isa = PBXBuildFile; fileRef = 376C3FBB1FEBAD9A00EAF188 /* SetImgViewController.swift */; };
		3792B0B11FF2386700AB4838 /* GenderPickerController.swift in Sources */ = {isa = PBXBuildFile; fileRef = 3792B0B01FF2386700AB4838 /* GenderPickerController.swift */; };
		3792B0B31FF24FDE00AB4838 /* AgeRangePickerViewController.swift in Sources */ = {isa = PBXBuildFile; fileRef = 3792B0B21FF24FDE00AB4838 /* AgeRangePickerViewController.swift */; };
		3792B0B61FF2537000AB4838 /* AgeRangeTableViewCell.swift in Sources */ = {isa = PBXBuildFile; fileRef = 3792B0B41FF2537000AB4838 /* AgeRangeTableViewCell.swift */; };
		3792B0B71FF2537000AB4838 /* AgeRangeTableViewCell.xib in Resources */ = {isa = PBXBuildFile; fileRef = 3792B0B51FF2537000AB4838 /* AgeRangeTableViewCell.xib */; };
		3792B0BB1FF35AB700AB4838 /* SliderTableViewCell.swift in Sources */ = {isa = PBXBuildFile; fileRef = 3792B0B91FF35AB700AB4838 /* SliderTableViewCell.swift */; };
		3792B0BC1FF35AB700AB4838 /* SliderTableViewCell.xib in Resources */ = {isa = PBXBuildFile; fileRef = 3792B0BA1FF35AB700AB4838 /* SliderTableViewCell.xib */; };
		3792B0C01FF367C600AB4838 /* MultipleTableViewCell.swift in Sources */ = {isa = PBXBuildFile; fileRef = 3792B0BE1FF367C600AB4838 /* MultipleTableViewCell.swift */; };
		3792B0C11FF367C600AB4838 /* MultipleTableViewCell.xib in Resources */ = {isa = PBXBuildFile; fileRef = 3792B0BF1FF367C600AB4838 /* MultipleTableViewCell.xib */; };
		3792B0C81FF3CFF800AB4838 /* OverlayView.xib in Resources */ = {isa = PBXBuildFile; fileRef = 3792B0C71FF3CFF800AB4838 /* OverlayView.xib */; };
		3792B0CA1FF3D05200AB4838 /* ExampleOverlayView.swift in Sources */ = {isa = PBXBuildFile; fileRef = 3792B0C91FF3D05200AB4838 /* ExampleOverlayView.swift */; };
		3792B0CC1FF5ECEE00AB4838 /* UserProvider.swift in Sources */ = {isa = PBXBuildFile; fileRef = 3792B0CB1FF5ECEE00AB4838 /* UserProvider.swift */; };
		37A5BB9B1FE61CE200C4F1E6 /* MenuCell.swift in Sources */ = {isa = PBXBuildFile; fileRef = 37A5BB9A1FE61CE200C4F1E6 /* MenuCell.swift */; };
		37A5BB9D1FE6223600C4F1E6 /* BaseCell.swift in Sources */ = {isa = PBXBuildFile; fileRef = 37A5BB9C1FE6223600C4F1E6 /* BaseCell.swift */; };
		37A5BBA01FE6288500C4F1E6 /* ProfileCollectionViewCell.swift in Sources */ = {isa = PBXBuildFile; fileRef = 37A5BB9E1FE6288500C4F1E6 /* ProfileCollectionViewCell.swift */; };
		37A5BBA11FE6288500C4F1E6 /* ProfileCollectionViewCell.xib in Resources */ = {isa = PBXBuildFile; fileRef = 37A5BB9F1FE6288500C4F1E6 /* ProfileCollectionViewCell.xib */; };
		37A5BBA41FE628A000C4F1E6 /* SwipingCollectionViewCell.swift in Sources */ = {isa = PBXBuildFile; fileRef = 37A5BBA21FE628A000C4F1E6 /* SwipingCollectionViewCell.swift */; };
		37A5BBA51FE628A000C4F1E6 /* SwipingCollectionViewCell.xib in Resources */ = {isa = PBXBuildFile; fileRef = 37A5BBA31FE628A000C4F1E6 /* SwipingCollectionViewCell.xib */; };
		37A5BBA81FE628B900C4F1E6 /* ChatCollectionViewCell.swift in Sources */ = {isa = PBXBuildFile; fileRef = 37A5BBA61FE628B900C4F1E6 /* ChatCollectionViewCell.swift */; };
		37A5BBA91FE628B900C4F1E6 /* ChatCollectionViewCell.xib in Resources */ = {isa = PBXBuildFile; fileRef = 37A5BBA71FE628B900C4F1E6 /* ChatCollectionViewCell.xib */; };
		37A5BBDF1FE6313000C4F1E6 /* HomeForQuickBloxExtension.swift in Sources */ = {isa = PBXBuildFile; fileRef = 37A5BBDE1FE6313000C4F1E6 /* HomeForQuickBloxExtension.swift */; };
		37B4EDD31FF7976800185785 /* MatchViewController.swift in Sources */ = {isa = PBXBuildFile; fileRef = 37B4EDD21FF7976800185785 /* MatchViewController.swift */; };
		37C0FF1C1FE7672C002EACF3 /* GoogleService-Info.plist in Resources */ = {isa = PBXBuildFile; fileRef = 37C0FF1B1FE7672C002EACF3 /* GoogleService-Info.plist */; };
		37C0FF1E1FE7A75E002EACF3 /* CallOutViewControllers.swift in Sources */ = {isa = PBXBuildFile; fileRef = 37C0FF1D1FE7A75E002EACF3 /* CallOutViewControllers.swift */; };
		37C0FF4A1FE8BD34002EACF3 /* iphone.mp3 in Resources */ = {isa = PBXBuildFile; fileRef = 37C0FF491FE8BD34002EACF3 /* iphone.mp3 */; };
		37C0FF4C1FE8BE58002EACF3 /* RingtoneManager.swift in Sources */ = {isa = PBXBuildFile; fileRef = 37C0FF4B1FE8BE58002EACF3 /* RingtoneManager.swift */; };
		37CA181E1FE2221500C1171B /* FirebaseManager.swift in Sources */ = {isa = PBXBuildFile; fileRef = 37CA181D1FE2221500C1171B /* FirebaseManager.swift */; };
		37CA18201FE2304100C1171B /* AudioViewController.swift in Sources */ = {isa = PBXBuildFile; fileRef = 37CA181F1FE2304100C1171B /* AudioViewController.swift */; };
		37CC153D1FFF6684006C9A81 /* ArrayExtension.swift in Sources */ = {isa = PBXBuildFile; fileRef = 37CC153C1FFF6684006C9A81 /* ArrayExtension.swift */; };
		37CC15421FFF91FC006C9A81 /* InfoPlist.strings in Resources */ = {isa = PBXBuildFile; fileRef = 37CC15441FFF91FC006C9A81 /* InfoPlist.strings */; };
		37CC15471FFF91FD006C9A81 /* Localizable.strings in Resources */ = {isa = PBXBuildFile; fileRef = 37CC15491FFF91FD006C9A81 /* Localizable.strings */; };
		37DE5F861FEA43080017E09D /* DateFormatter.swift in Sources */ = {isa = PBXBuildFile; fileRef = 37DE5F851FEA43080017E09D /* DateFormatter.swift */; };
		37DE5F891FEA61D00017E09D /* SwitchTableViewCell.swift in Sources */ = {isa = PBXBuildFile; fileRef = 37DE5F871FEA61D00017E09D /* SwitchTableViewCell.swift */; };
		37DE5F8A1FEA61D00017E09D /* SwitchTableViewCell.xib in Resources */ = {isa = PBXBuildFile; fileRef = 37DE5F881FEA61D00017E09D /* SwitchTableViewCell.xib */; };
		37DE5F8D1FEA620A0017E09D /* SettingTableViewController.swift in Sources */ = {isa = PBXBuildFile; fileRef = 37DE5F8C1FEA620A0017E09D /* SettingTableViewController.swift */; };
		37DE5F901FEA65860017E09D /* LabelTableViewCell.swift in Sources */ = {isa = PBXBuildFile; fileRef = 37DE5F8E1FEA65860017E09D /* LabelTableViewCell.swift */; };
		37DE5F911FEA65860017E09D /* LabelTableViewCell.xib in Resources */ = {isa = PBXBuildFile; fileRef = 37DE5F8F1FEA65860017E09D /* LabelTableViewCell.xib */; };
		37DE5F941FEA65980017E09D /* GenderPickerTableViewCell.swift in Sources */ = {isa = PBXBuildFile; fileRef = 37DE5F921FEA65980017E09D /* GenderPickerTableViewCell.swift */; };
		37DE5F951FEA65980017E09D /* GenderPickerTableViewCell.xib in Resources */ = {isa = PBXBuildFile; fileRef = 37DE5F931FEA65980017E09D /* GenderPickerTableViewCell.xib */; };
		37DE5F981FEA65B30017E09D /* LogoutTableViewCell.swift in Sources */ = {isa = PBXBuildFile; fileRef = 37DE5F961FEA65B30017E09D /* LogoutTableViewCell.swift */; };
		37DE5F991FEA65B30017E09D /* LogoutTableViewCell.xib in Resources */ = {isa = PBXBuildFile; fileRef = 37DE5F971FEA65B30017E09D /* LogoutTableViewCell.xib */; };
		37DE5F9B1FEB65D90017E09D /* ImgPickerViewController.swift in Sources */ = {isa = PBXBuildFile; fileRef = 37DE5F9A1FEB65D90017E09D /* ImgPickerViewController.swift */; };
		37DE5F9D1FEB67D60017E09D /* HomeForCellExtension.swift in Sources */ = {isa = PBXBuildFile; fileRef = 37DE5F9C1FEB67D60017E09D /* HomeForCellExtension.swift */; };
		37E1D16E1FFB384C00EC9BA6 /* FriendCollectionViewController.swift in Sources */ = {isa = PBXBuildFile; fileRef = 37E1D16D1FFB384C00EC9BA6 /* FriendCollectionViewController.swift */; };
		37E1D1711FFB38C600EC9BA6 /* FriendCollectionViewCell.swift in Sources */ = {isa = PBXBuildFile; fileRef = 37E1D16F1FFB38C600EC9BA6 /* FriendCollectionViewCell.swift */; };
		37E1D1721FFB38C600EC9BA6 /* FriendCollectionViewCell.xib in Resources */ = {isa = PBXBuildFile; fileRef = 37E1D1701FFB38C600EC9BA6 /* FriendCollectionViewCell.xib */; };
		37EA8ED01FF7B5D4003FA28C /* FriendTableViewCell.swift in Sources */ = {isa = PBXBuildFile; fileRef = 37EA8ECE1FF7B5D4003FA28C /* FriendTableViewCell.swift */; };
		37EA8ED11FF7B5D4003FA28C /* FriendTableViewCell.xib in Resources */ = {isa = PBXBuildFile; fileRef = 37EA8ECF1FF7B5D4003FA28C /* FriendTableViewCell.xib */; };
		37EA8ED31FF7DB1A003FA28C /* FriendTableViewController.swift in Sources */ = {isa = PBXBuildFile; fileRef = 37EA8ED21FF7DB1A003FA28C /* FriendTableViewController.swift */; };
		37F05EE21FF5F30C006D20A6 /* CardView.swift in Sources */ = {isa = PBXBuildFile; fileRef = 37F05EE11FF5F30C006D20A6 /* CardView.swift */; };
		37F05EE41FF5F322006D20A6 /* CardView.xib in Resources */ = {isa = PBXBuildFile; fileRef = 37F05EE31FF5F322006D20A6 /* CardView.xib */; };
		37F4959D2001DD110035DC0C /* KeychainSwift.framework in Frameworks */ = {isa = PBXBuildFile; fileRef = 37F4959E2001DD110035DC0C /* KeychainSwift.framework */; };
		37F4959F2001DD340035DC0C /* Nuke.framework in Frameworks */ = {isa = PBXBuildFile; fileRef = 37F495A02001DD340035DC0C /* Nuke.framework */; };
		37F495A12001DD4D0035DC0C /* IQKeyboardManager.framework in Frameworks */ = {isa = PBXBuildFile; fileRef = 37F495A22001DD4D0035DC0C /* IQKeyboardManager.framework */; };
		37F495A32001DD640035DC0C /* SVProgressHUD.framework in Frameworks */ = {isa = PBXBuildFile; fileRef = 37F495A42001DD640035DC0C /* SVProgressHUD.framework */; };
		37F495A52001DD880035DC0C /* SwifterSwift.framework in Frameworks */ = {isa = PBXBuildFile; fileRef = 37F495A62001DD880035DC0C /* SwifterSwift.framework */; };
		37F495A72001DDAE0035DC0C /* Koloda.framework in Frameworks */ = {isa = PBXBuildFile; fileRef = 37F495A82001DDAE0035DC0C /* Koloda.framework */; };
		37F495A92001DDED0035DC0C /* MZTimerLabel.framework in Frameworks */ = {isa = PBXBuildFile; fileRef = 37F495AA2001DDED0035DC0C /* MZTimerLabel.framework */; };
		37F495AB2001DED70035DC0C /* GTMSessionFetcher.framework in Frameworks */ = {isa = PBXBuildFile; fileRef = 37F495AC2001DED70035DC0C /* GTMSessionFetcher.framework */; };
		37F495AD2001DEDF0035DC0C /* GoogleToolboxForMac.framework in Frameworks */ = {isa = PBXBuildFile; fileRef = 37F495AE2001DEDF0035DC0C /* GoogleToolboxForMac.framework */; };
		37F495AF2001DF340035DC0C /* XLActionController.framework in Frameworks */ = {isa = PBXBuildFile; fileRef = 37F495B02001DF340035DC0C /* XLActionController.framework */; };
		37F61A2A1FFDB73C002DBAFA /* FriendCollectionReusableView.swift in Sources */ = {isa = PBXBuildFile; fileRef = 37F61A281FFDB73C002DBAFA /* FriendCollectionReusableView.swift */; };
		37F61A2B1FFDB73C002DBAFA /* FriendCollectionReusableView.xib in Resources */ = {isa = PBXBuildFile; fileRef = 37F61A291FFDB73C002DBAFA /* FriendCollectionReusableView.xib */; };
		E4208C9E7E17D4FB2656038F /* Pods_i_Chat.framework in Frameworks */ = {isa = PBXBuildFile; fileRef = 813BB42A75F2B98DC83AC0E3 /* Pods_i_Chat.framework */; };
/* End PBXBuildFile section */

/* Begin PBXCopyFilesBuildPhase section */
		371459B11FDFACBC00C1F14A /* Embed Frameworks */ = {
			isa = PBXCopyFilesBuildPhase;
			buildActionMask = 2147483647;
			dstPath = "";
			dstSubfolderSpec = 10;
			files = (
				371459B01FDFACBC00C1F14A /* QuickbloxWebRTC.framework in Embed Frameworks */,
				371459AE1FDFACBC00C1F14A /* Quickblox.framework in Embed Frameworks */,
			);
			name = "Embed Frameworks";
			runOnlyForDeploymentPostprocessing = 0;
		};
/* End PBXCopyFilesBuildPhase section */

/* Begin PBXFileReference section */
		3618AF86542D903ECA050532 /* Pods-i-Chat.release.xcconfig */ = {isa = PBXFileReference; includeInIndex = 1; lastKnownFileType = text.xcconfig; name = "Pods-i-Chat.release.xcconfig"; path = "Pods/Target Support Files/Pods-i-Chat/Pods-i-Chat.release.xcconfig"; sourceTree = "<group>"; };
		370832AF1FE2847F00D4DC86 /* IncomingCallViewController.swift */ = {isa = PBXFileReference; lastKnownFileType = sourcecode.swift; path = IncomingCallViewController.swift; sourceTree = "<group>"; };
		370832B51FE3800200D4DC86 /* CallManager.swift */ = {isa = PBXFileReference; lastKnownFileType = sourcecode.swift; path = CallManager.swift; sourceTree = "<group>"; };
		370832B71FE3806700D4DC86 /* User.swift */ = {isa = PBXFileReference; lastKnownFileType = sourcecode.swift; path = User.swift; sourceTree = "<group>"; };
		3714597B1FDFAABF00C1F14A /* i-Chat.app */ = {isa = PBXFileReference; explicitFileType = wrapper.application; includeInIndex = 0; path = "i-Chat.app"; sourceTree = BUILT_PRODUCTS_DIR; };
		3714597E1FDFAABF00C1F14A /* AppDelegate.swift */ = {isa = PBXFileReference; lastKnownFileType = sourcecode.swift; path = AppDelegate.swift; sourceTree = "<group>"; };
		371459801FDFAABF00C1F14A /* LogInViewController.swift */ = {isa = PBXFileReference; lastKnownFileType = sourcecode.swift; path = LogInViewController.swift; sourceTree = "<group>"; };
		371459831FDFAABF00C1F14A /* Base */ = {isa = PBXFileReference; lastKnownFileType = file.storyboard; name = Base; path = Base.lproj/Main.storyboard; sourceTree = "<group>"; };
		371459851FDFAABF00C1F14A /* Assets.xcassets */ = {isa = PBXFileReference; lastKnownFileType = folder.assetcatalog; path = Assets.xcassets; sourceTree = "<group>"; };
		371459881FDFAABF00C1F14A /* Base */ = {isa = PBXFileReference; lastKnownFileType = file.storyboard; name = Base; path = Base.lproj/LaunchScreen.storyboard; sourceTree = "<group>"; };
		3714598A1FDFAABF00C1F14A /* Info.plist */ = {isa = PBXFileReference; lastKnownFileType = text.plist.xml; path = Info.plist; sourceTree = "<group>"; };
		371459931FDFAC1B00C1F14A /* libicucore.tbd */ = {isa = PBXFileReference; lastKnownFileType = "sourcecode.text-based-dylib-definition"; name = libicucore.tbd; path = usr/lib/libicucore.tbd; sourceTree = SDKROOT; };
		371459951FDFAC2A00C1F14A /* libc++.tbd */ = {isa = PBXFileReference; lastKnownFileType = "sourcecode.text-based-dylib-definition"; name = "libc++.tbd"; path = "usr/lib/libc++.tbd"; sourceTree = SDKROOT; };
		371459971FDFAC3300C1F14A /* libresolv.tbd */ = {isa = PBXFileReference; lastKnownFileType = "sourcecode.text-based-dylib-definition"; name = libresolv.tbd; path = usr/lib/libresolv.tbd; sourceTree = SDKROOT; };
		371459991FDFAC3D00C1F14A /* libxml2.tbd */ = {isa = PBXFileReference; lastKnownFileType = "sourcecode.text-based-dylib-definition"; name = libxml2.tbd; path = usr/lib/libxml2.tbd; sourceTree = SDKROOT; };
		3714599B1FDFAC4300C1F14A /* libz.tbd */ = {isa = PBXFileReference; lastKnownFileType = "sourcecode.text-based-dylib-definition"; name = libz.tbd; path = usr/lib/libz.tbd; sourceTree = SDKROOT; };
		3714599D1FDFAC4A00C1F14A /* CFNetwork.framework */ = {isa = PBXFileReference; lastKnownFileType = wrapper.framework; name = CFNetwork.framework; path = System/Library/Frameworks/CFNetwork.framework; sourceTree = SDKROOT; };
		3714599E1FDFAC5300C1F14A /* GLKit.framework */ = {isa = PBXFileReference; lastKnownFileType = wrapper.framework; name = GLKit.framework; path = System/Library/Frameworks/GLKit.framework; sourceTree = SDKROOT; };
		3714599F1FDFAC6000C1F14A /* MobileCoreServices.framework */ = {isa = PBXFileReference; lastKnownFileType = wrapper.framework; name = MobileCoreServices.framework; path = System/Library/Frameworks/MobileCoreServices.framework; sourceTree = SDKROOT; };
		371459A01FDFAC6600C1F14A /* SystemConfiguration.framework */ = {isa = PBXFileReference; lastKnownFileType = wrapper.framework; name = SystemConfiguration.framework; path = System/Library/Frameworks/SystemConfiguration.framework; sourceTree = SDKROOT; };
		371459A11FDFAC6E00C1F14A /* VideoToolbox.framework */ = {isa = PBXFileReference; lastKnownFileType = wrapper.framework; name = VideoToolbox.framework; path = System/Library/Frameworks/VideoToolbox.framework; sourceTree = SDKROOT; };
		371459A21FDFAC7300C1F14A /* Accelerate.framework */ = {isa = PBXFileReference; lastKnownFileType = wrapper.framework; name = Accelerate.framework; path = System/Library/Frameworks/Accelerate.framework; sourceTree = SDKROOT; };
		371459A31FDFAC9500C1F14A /* QuickbloxWebRTC.framework */ = {isa = PBXFileReference; lastKnownFileType = wrapper.framework; path = QuickbloxWebRTC.framework; sourceTree = "<group>"; };
		371459A41FDFAC9500C1F14A /* Quickblox.framework */ = {isa = PBXFileReference; lastKnownFileType = wrapper.framework; path = Quickblox.framework; sourceTree = "<group>"; };
		371459B31FDFAF0300C1F14A /* Bridging-Header.h */ = {isa = PBXFileReference; lastKnownFileType = sourcecode.c.h; path = "Bridging-Header.h"; sourceTree = "<group>"; };
		371459B41FDFB16900C1F14A /* APIKey.plist */ = {isa = PBXFileReference; lastKnownFileType = text.plist.xml; path = APIKey.plist; sourceTree = "<group>"; };
		3717DD211FE66E35003CD462 /* HomeComponent.swift */ = {isa = PBXFileReference; lastKnownFileType = sourcecode.swift; path = HomeComponent.swift; sourceTree = "<group>"; };
		371E76C81FF0ED9A00EF7CB2 /* ProfileImage.swift */ = {isa = PBXFileReference; lastKnownFileType = sourcecode.swift; path = ProfileImage.swift; sourceTree = "<group>"; };
		372E8E0F1FF10355002CAC96 /* Ripple.swift */ = {isa = PBXFileReference; lastKnownFileType = sourcecode.swift; path = Ripple.swift; sourceTree = "<group>"; };
		372E8E111FF1076C002CAC96 /* Animation.swift */ = {isa = PBXFileReference; lastKnownFileType = sourcecode.swift; path = Animation.swift; sourceTree = "<group>"; };
		372E8E131FF1DD2D002CAC96 /* AgeViewController.swift */ = {isa = PBXFileReference; lastKnownFileType = sourcecode.swift; path = AgeViewController.swift; sourceTree = "<group>"; };
		372F85021FFE4C4D00D6BCB1 /* State.swift */ = {isa = PBXFileReference; lastKnownFileType = sourcecode.swift; path = State.swift; sourceTree = "<group>"; };
		372F85041FFE552A00D6BCB1 /* EulaViewController.swift */ = {isa = PBXFileReference; lastKnownFileType = sourcecode.swift; path = EulaViewController.swift; sourceTree = "<group>"; };
		372F85061FFE89CE00D6BCB1 /* Message.swift */ = {isa = PBXFileReference; lastKnownFileType = sourcecode.swift; path = Message.swift; sourceTree = "<group>"; };
		372F85091FFF139400D6BCB1 /* ReportViewController.swift */ = {isa = PBXFileReference; lastKnownFileType = sourcecode.swift; path = ReportViewController.swift; sourceTree = "<group>"; };
		372F850B1FFF307C00D6BCB1 /* NoFriendViewController.swift */ = {isa = PBXFileReference; lastKnownFileType = sourcecode.swift; path = NoFriendViewController.swift; sourceTree = "<group>"; };
		373DB9F61FEA3F480041E34E /* DatabasePath.swift */ = {isa = PBXFileReference; lastKnownFileType = sourcecode.swift; path = DatabasePath.swift; sourceTree = "<group>"; };
		3754E2871FE122E4002604CD /* RegisterViewController.swift */ = {isa = PBXFileReference; lastKnownFileType = sourcecode.swift; path = RegisterViewController.swift; sourceTree = "<group>"; };
		3754E2891FE12809002604CD /* QuickbloxManager.swift */ = {isa = PBXFileReference; lastKnownFileType = sourcecode.swift; path = QuickbloxManager.swift; sourceTree = "<group>"; };
		375F04B51FE3A739009D2671 /* MenuBar.swift */ = {isa = PBXFileReference; lastKnownFileType = sourcecode.swift; path = MenuBar.swift; sourceTree = "<group>"; };
		375F04B71FE3A787009D2671 /* HomeViewController.swift */ = {isa = PBXFileReference; lastKnownFileType = sourcecode.swift; path = HomeViewController.swift; sourceTree = "<group>"; };
		376C3FB71FEBA92900EAF188 /* GenderViewController.swift */ = {isa = PBXFileReference; lastKnownFileType = sourcecode.swift; path = GenderViewController.swift; sourceTree = "<group>"; };
		376C3FB91FEBACF900EAF188 /* PreferenceViewController.swift */ = {isa = PBXFileReference; lastKnownFileType = sourcecode.swift; path = PreferenceViewController.swift; sourceTree = "<group>"; };
		376C3FBB1FEBAD9A00EAF188 /* SetImgViewController.swift */ = {isa = PBXFileReference; lastKnownFileType = sourcecode.swift; path = SetImgViewController.swift; sourceTree = "<group>"; };
		3792B0B01FF2386700AB4838 /* GenderPickerController.swift */ = {isa = PBXFileReference; lastKnownFileType = sourcecode.swift; path = GenderPickerController.swift; sourceTree = "<group>"; };
		3792B0B21FF24FDE00AB4838 /* AgeRangePickerViewController.swift */ = {isa = PBXFileReference; lastKnownFileType = sourcecode.swift; path = AgeRangePickerViewController.swift; sourceTree = "<group>"; };
		3792B0B41FF2537000AB4838 /* AgeRangeTableViewCell.swift */ = {isa = PBXFileReference; lastKnownFileType = sourcecode.swift; path = AgeRangeTableViewCell.swift; sourceTree = "<group>"; };
		3792B0B51FF2537000AB4838 /* AgeRangeTableViewCell.xib */ = {isa = PBXFileReference; lastKnownFileType = file.xib; path = AgeRangeTableViewCell.xib; sourceTree = "<group>"; };
		3792B0B91FF35AB700AB4838 /* SliderTableViewCell.swift */ = {isa = PBXFileReference; lastKnownFileType = sourcecode.swift; path = SliderTableViewCell.swift; sourceTree = "<group>"; };
		3792B0BA1FF35AB700AB4838 /* SliderTableViewCell.xib */ = {isa = PBXFileReference; lastKnownFileType = file.xib; path = SliderTableViewCell.xib; sourceTree = "<group>"; };
		3792B0BE1FF367C600AB4838 /* MultipleTableViewCell.swift */ = {isa = PBXFileReference; lastKnownFileType = sourcecode.swift; path = MultipleTableViewCell.swift; sourceTree = "<group>"; };
		3792B0BF1FF367C600AB4838 /* MultipleTableViewCell.xib */ = {isa = PBXFileReference; lastKnownFileType = file.xib; path = MultipleTableViewCell.xib; sourceTree = "<group>"; };
		3792B0C71FF3CFF800AB4838 /* OverlayView.xib */ = {isa = PBXFileReference; fileEncoding = 4; lastKnownFileType = file.xib; path = OverlayView.xib; sourceTree = "<group>"; };
		3792B0C91FF3D05200AB4838 /* ExampleOverlayView.swift */ = {isa = PBXFileReference; fileEncoding = 4; lastKnownFileType = sourcecode.swift; path = ExampleOverlayView.swift; sourceTree = "<group>"; };
		3792B0CB1FF5ECEE00AB4838 /* UserProvider.swift */ = {isa = PBXFileReference; lastKnownFileType = sourcecode.swift; path = UserProvider.swift; sourceTree = "<group>"; };
		37A5BB9A1FE61CE200C4F1E6 /* MenuCell.swift */ = {isa = PBXFileReference; lastKnownFileType = sourcecode.swift; path = MenuCell.swift; sourceTree = "<group>"; };
		37A5BB9C1FE6223600C4F1E6 /* BaseCell.swift */ = {isa = PBXFileReference; lastKnownFileType = sourcecode.swift; path = BaseCell.swift; sourceTree = "<group>"; };
		37A5BB9E1FE6288500C4F1E6 /* ProfileCollectionViewCell.swift */ = {isa = PBXFileReference; lastKnownFileType = sourcecode.swift; path = ProfileCollectionViewCell.swift; sourceTree = "<group>"; };
		37A5BB9F1FE6288500C4F1E6 /* ProfileCollectionViewCell.xib */ = {isa = PBXFileReference; lastKnownFileType = file.xib; path = ProfileCollectionViewCell.xib; sourceTree = "<group>"; };
		37A5BBA21FE628A000C4F1E6 /* SwipingCollectionViewCell.swift */ = {isa = PBXFileReference; lastKnownFileType = sourcecode.swift; path = SwipingCollectionViewCell.swift; sourceTree = "<group>"; };
		37A5BBA31FE628A000C4F1E6 /* SwipingCollectionViewCell.xib */ = {isa = PBXFileReference; lastKnownFileType = file.xib; path = SwipingCollectionViewCell.xib; sourceTree = "<group>"; };
		37A5BBA61FE628B900C4F1E6 /* ChatCollectionViewCell.swift */ = {isa = PBXFileReference; lastKnownFileType = sourcecode.swift; path = ChatCollectionViewCell.swift; sourceTree = "<group>"; };
		37A5BBA71FE628B900C4F1E6 /* ChatCollectionViewCell.xib */ = {isa = PBXFileReference; lastKnownFileType = file.xib; path = ChatCollectionViewCell.xib; sourceTree = "<group>"; };
		37A5BBDE1FE6313000C4F1E6 /* HomeForQuickBloxExtension.swift */ = {isa = PBXFileReference; lastKnownFileType = sourcecode.swift; path = HomeForQuickBloxExtension.swift; sourceTree = "<group>"; };
		37B4EDD21FF7976800185785 /* MatchViewController.swift */ = {isa = PBXFileReference; lastKnownFileType = sourcecode.swift; path = MatchViewController.swift; sourceTree = "<group>"; };
		37C0FF1B1FE7672C002EACF3 /* GoogleService-Info.plist */ = {isa = PBXFileReference; fileEncoding = 4; lastKnownFileType = text.plist.xml; path = "GoogleService-Info.plist"; sourceTree = "<group>"; };
		37C0FF1D1FE7A75E002EACF3 /* CallOutViewControllers.swift */ = {isa = PBXFileReference; lastKnownFileType = sourcecode.swift; path = CallOutViewControllers.swift; sourceTree = "<group>"; };
		37C0FF491FE8BD34002EACF3 /* iphone.mp3 */ = {isa = PBXFileReference; lastKnownFileType = audio.mp3; path = iphone.mp3; sourceTree = "<group>"; };
		37C0FF4B1FE8BE58002EACF3 /* RingtoneManager.swift */ = {isa = PBXFileReference; lastKnownFileType = sourcecode.swift; path = RingtoneManager.swift; sourceTree = "<group>"; };
		37C0FF4D1FE8F104002EACF3 /* i-Chat.entitlements */ = {isa = PBXFileReference; lastKnownFileType = text.plist.entitlements; path = "i-Chat.entitlements"; sourceTree = "<group>"; };
		37CA181D1FE2221500C1171B /* FirebaseManager.swift */ = {isa = PBXFileReference; lastKnownFileType = sourcecode.swift; path = FirebaseManager.swift; sourceTree = "<group>"; };
		37CA181F1FE2304100C1171B /* AudioViewController.swift */ = {isa = PBXFileReference; lastKnownFileType = sourcecode.swift; path = AudioViewController.swift; sourceTree = "<group>"; };
		37CC153C1FFF6684006C9A81 /* ArrayExtension.swift */ = {isa = PBXFileReference; lastKnownFileType = sourcecode.swift; path = ArrayExtension.swift; sourceTree = "<group>"; };
		37CC153E1FFF8F67006C9A81 /* zh-Hant */ = {isa = PBXFileReference; lastKnownFileType = text.plist.strings; name = "zh-Hant"; path = "zh-Hant.lproj/Main.strings"; sourceTree = "<group>"; };
		37CC153F1FFF8F67006C9A81 /* zh-Hant */ = {isa = PBXFileReference; lastKnownFileType = text.plist.strings; name = "zh-Hant"; path = "zh-Hant.lproj/LaunchScreen.strings"; sourceTree = "<group>"; };
		37CC15431FFF91FC006C9A81 /* zh-Hant */ = {isa = PBXFileReference; lastKnownFileType = text.plist.strings; name = "zh-Hant"; path = "zh-Hant.lproj/InfoPlist.strings"; sourceTree = "<group>"; };
		37CC15481FFF91FD006C9A81 /* zh-Hant */ = {isa = PBXFileReference; lastKnownFileType = text.plist.strings; name = "zh-Hant"; path = "zh-Hant.lproj/Localizable.strings"; sourceTree = "<group>"; };
		37DE5F851FEA43080017E09D /* DateFormatter.swift */ = {isa = PBXFileReference; lastKnownFileType = sourcecode.swift; path = DateFormatter.swift; sourceTree = "<group>"; };
		37DE5F871FEA61D00017E09D /* SwitchTableViewCell.swift */ = {isa = PBXFileReference; lastKnownFileType = sourcecode.swift; path = SwitchTableViewCell.swift; sourceTree = "<group>"; };
		37DE5F881FEA61D00017E09D /* SwitchTableViewCell.xib */ = {isa = PBXFileReference; lastKnownFileType = file.xib; path = SwitchTableViewCell.xib; sourceTree = "<group>"; };
		37DE5F8C1FEA620A0017E09D /* SettingTableViewController.swift */ = {isa = PBXFileReference; lastKnownFileType = sourcecode.swift; path = SettingTableViewController.swift; sourceTree = "<group>"; };
		37DE5F8E1FEA65860017E09D /* LabelTableViewCell.swift */ = {isa = PBXFileReference; lastKnownFileType = sourcecode.swift; path = LabelTableViewCell.swift; sourceTree = "<group>"; };
		37DE5F8F1FEA65860017E09D /* LabelTableViewCell.xib */ = {isa = PBXFileReference; lastKnownFileType = file.xib; path = LabelTableViewCell.xib; sourceTree = "<group>"; };
		37DE5F921FEA65980017E09D /* GenderPickerTableViewCell.swift */ = {isa = PBXFileReference; lastKnownFileType = sourcecode.swift; path = GenderPickerTableViewCell.swift; sourceTree = "<group>"; };
		37DE5F931FEA65980017E09D /* GenderPickerTableViewCell.xib */ = {isa = PBXFileReference; lastKnownFileType = file.xib; path = GenderPickerTableViewCell.xib; sourceTree = "<group>"; };
		37DE5F961FEA65B30017E09D /* LogoutTableViewCell.swift */ = {isa = PBXFileReference; lastKnownFileType = sourcecode.swift; path = LogoutTableViewCell.swift; sourceTree = "<group>"; };
		37DE5F971FEA65B30017E09D /* LogoutTableViewCell.xib */ = {isa = PBXFileReference; lastKnownFileType = file.xib; path = LogoutTableViewCell.xib; sourceTree = "<group>"; };
		37DE5F9A1FEB65D90017E09D /* ImgPickerViewController.swift */ = {isa = PBXFileReference; lastKnownFileType = sourcecode.swift; path = ImgPickerViewController.swift; sourceTree = "<group>"; };
		37DE5F9C1FEB67D60017E09D /* HomeForCellExtension.swift */ = {isa = PBXFileReference; lastKnownFileType = sourcecode.swift; path = HomeForCellExtension.swift; sourceTree = "<group>"; };
		37E1D16D1FFB384C00EC9BA6 /* FriendCollectionViewController.swift */ = {isa = PBXFileReference; lastKnownFileType = sourcecode.swift; path = FriendCollectionViewController.swift; sourceTree = "<group>"; };
		37E1D16F1FFB38C600EC9BA6 /* FriendCollectionViewCell.swift */ = {isa = PBXFileReference; lastKnownFileType = sourcecode.swift; path = FriendCollectionViewCell.swift; sourceTree = "<group>"; };
		37E1D1701FFB38C600EC9BA6 /* FriendCollectionViewCell.xib */ = {isa = PBXFileReference; lastKnownFileType = file.xib; path = FriendCollectionViewCell.xib; sourceTree = "<group>"; };
		37EA8ECD1FF7B5B8003FA28C /* FriendTableViewCell.swift */ = {isa = PBXFileReference; lastKnownFileType = sourcecode.swift; name = FriendTableViewCell.swift; path = "/Users/cindy/Documents/OwnProject/i-Chat/i-Chat/Profile/FriendTableViewCell.swift"; sourceTree = "<absolute>"; };
		37EA8ECE1FF7B5D4003FA28C /* FriendTableViewCell.swift */ = {isa = PBXFileReference; lastKnownFileType = sourcecode.swift; path = FriendTableViewCell.swift; sourceTree = "<group>"; };
		37EA8ECF1FF7B5D4003FA28C /* FriendTableViewCell.xib */ = {isa = PBXFileReference; lastKnownFileType = file.xib; path = FriendTableViewCell.xib; sourceTree = "<group>"; };
		37EA8ED21FF7DB1A003FA28C /* FriendTableViewController.swift */ = {isa = PBXFileReference; lastKnownFileType = sourcecode.swift; path = FriendTableViewController.swift; sourceTree = "<group>"; };
		37F05EE11FF5F30C006D20A6 /* CardView.swift */ = {isa = PBXFileReference; lastKnownFileType = sourcecode.swift; path = CardView.swift; sourceTree = "<group>"; };
		37F05EE31FF5F322006D20A6 /* CardView.xib */ = {isa = PBXFileReference; lastKnownFileType = file.xib; path = CardView.xib; sourceTree = "<group>"; };
		37F4959E2001DD110035DC0C /* KeychainSwift.framework */ = {isa = PBXFileReference; explicitFileType = wrapper.framework; path = KeychainSwift.framework; sourceTree = BUILT_PRODUCTS_DIR; };
		37F495A02001DD340035DC0C /* Nuke.framework */ = {isa = PBXFileReference; explicitFileType = wrapper.framework; path = Nuke.framework; sourceTree = BUILT_PRODUCTS_DIR; };
		37F495A22001DD4D0035DC0C /* IQKeyboardManager.framework */ = {isa = PBXFileReference; explicitFileType = wrapper.framework; path = IQKeyboardManager.framework; sourceTree = BUILT_PRODUCTS_DIR; };
		37F495A42001DD640035DC0C /* SVProgressHUD.framework */ = {isa = PBXFileReference; explicitFileType = wrapper.framework; path = SVProgressHUD.framework; sourceTree = BUILT_PRODUCTS_DIR; };
		37F495A62001DD880035DC0C /* SwifterSwift.framework */ = {isa = PBXFileReference; explicitFileType = wrapper.framework; path = SwifterSwift.framework; sourceTree = BUILT_PRODUCTS_DIR; };
		37F495A82001DDAE0035DC0C /* Koloda.framework */ = {isa = PBXFileReference; explicitFileType = wrapper.framework; path = Koloda.framework; sourceTree = BUILT_PRODUCTS_DIR; };
		37F495AA2001DDED0035DC0C /* MZTimerLabel.framework */ = {isa = PBXFileReference; explicitFileType = wrapper.framework; path = MZTimerLabel.framework; sourceTree = BUILT_PRODUCTS_DIR; };
		37F495AC2001DED70035DC0C /* GTMSessionFetcher.framework */ = {isa = PBXFileReference; explicitFileType = wrapper.framework; path = GTMSessionFetcher.framework; sourceTree = BUILT_PRODUCTS_DIR; };
		37F495AE2001DEDF0035DC0C /* GoogleToolboxForMac.framework */ = {isa = PBXFileReference; explicitFileType = wrapper.framework; path = GoogleToolboxForMac.framework; sourceTree = BUILT_PRODUCTS_DIR; };
		37F495B02001DF340035DC0C /* XLActionController.framework */ = {isa = PBXFileReference; explicitFileType = wrapper.framework; path = XLActionController.framework; sourceTree = BUILT_PRODUCTS_DIR; };
		37F61A281FFDB73C002DBAFA /* FriendCollectionReusableView.swift */ = {isa = PBXFileReference; lastKnownFileType = sourcecode.swift; name = FriendCollectionReusableView.swift; path = "i-Chat/Chat/Collection/FriendCollectionReusableView.swift"; sourceTree = SOURCE_ROOT; };
		37F61A291FFDB73C002DBAFA /* FriendCollectionReusableView.xib */ = {isa = PBXFileReference; lastKnownFileType = file.xib; name = FriendCollectionReusableView.xib; path = "i-Chat/Chat/collection/FriendCollectionReusableView.xib"; sourceTree = SOURCE_ROOT; };
		498AF12EB1C3EB42182F2692 /* Pods-i-Chat.debug.xcconfig */ = {isa = PBXFileReference; includeInIndex = 1; lastKnownFileType = text.xcconfig; name = "Pods-i-Chat.debug.xcconfig"; path = "Pods/Target Support Files/Pods-i-Chat/Pods-i-Chat.debug.xcconfig"; sourceTree = "<group>"; };
		813BB42A75F2B98DC83AC0E3 /* Pods_i_Chat.framework */ = {isa = PBXFileReference; explicitFileType = wrapper.framework; includeInIndex = 0; path = Pods_i_Chat.framework; sourceTree = BUILT_PRODUCTS_DIR; };
/* End PBXFileReference section */

/* Begin PBXFrameworksBuildPhase section */
		371459781FDFAABF00C1F14A /* Frameworks */ = {
			isa = PBXFrameworksBuildPhase;
			buildActionMask = 2147483647;
			files = (
				37F495AF2001DF340035DC0C /* XLActionController.framework in Frameworks */,
				37F495AD2001DEDF0035DC0C /* GoogleToolboxForMac.framework in Frameworks */,
				37F495AB2001DED70035DC0C /* GTMSessionFetcher.framework in Frameworks */,
				37F495A92001DDED0035DC0C /* MZTimerLabel.framework in Frameworks */,
				37F495A72001DDAE0035DC0C /* Koloda.framework in Frameworks */,
				37F495A52001DD880035DC0C /* SwifterSwift.framework in Frameworks */,
				37F495A32001DD640035DC0C /* SVProgressHUD.framework in Frameworks */,
				37F495A12001DD4D0035DC0C /* IQKeyboardManager.framework in Frameworks */,
				37F4959F2001DD340035DC0C /* Nuke.framework in Frameworks */,
				37F4959D2001DD110035DC0C /* KeychainSwift.framework in Frameworks */,
				371459A71FDFACA800C1F14A /* Accelerate.framework in Frameworks */,
				371459A81FDFACA800C1F14A /* VideoToolbox.framework in Frameworks */,
				371459A91FDFACA800C1F14A /* SystemConfiguration.framework in Frameworks */,
				371459AA1FDFACA800C1F14A /* MobileCoreServices.framework in Frameworks */,
				371459AB1FDFACA800C1F14A /* GLKit.framework in Frameworks */,
				371459AC1FDFACA800C1F14A /* CFNetwork.framework in Frameworks */,
				3714599A1FDFAC3D00C1F14A /* libxml2.tbd in Frameworks */,
				371459A61FDFAC9500C1F14A /* Quickblox.framework in Frameworks */,
				3714599C1FDFAC4300C1F14A /* libz.tbd in Frameworks */,
				371459961FDFAC2A00C1F14A /* libc++.tbd in Frameworks */,
				E4208C9E7E17D4FB2656038F /* Pods_i_Chat.framework in Frameworks */,
				371459AD1FDFACBC00C1F14A /* Quickblox.framework in Frameworks */,
				371459941FDFAC1B00C1F14A /* libicucore.tbd in Frameworks */,
				371459981FDFAC3300C1F14A /* libresolv.tbd in Frameworks */,
				371459AF1FDFACBC00C1F14A /* QuickbloxWebRTC.framework in Frameworks */,
				371459A51FDFAC9500C1F14A /* QuickbloxWebRTC.framework in Frameworks */,
			);
			runOnlyForDeploymentPostprocessing = 0;
		};
/* End PBXFrameworksBuildPhase section */

/* Begin PBXGroup section */
		2DAE148527B745ADC0987699 /* Pods */ = {
			isa = PBXGroup;
			children = (
				498AF12EB1C3EB42182F2692 /* Pods-i-Chat.debug.xcconfig */,
				3618AF86542D903ECA050532 /* Pods-i-Chat.release.xcconfig */,
			);
			name = Pods;
			sourceTree = "<group>";
		};
		370832AC1FE283D800D4DC86 /* Landing */ = {
			isa = PBXGroup;
			children = (
				372F85041FFE552A00D6BCB1 /* EulaViewController.swift */,
				371459801FDFAABF00C1F14A /* LogInViewController.swift */,
				3754E2871FE122E4002604CD /* RegisterViewController.swift */,
			);
			path = Landing;
			sourceTree = "<group>";
		};
		370832AD1FE283EB00D4DC86 /* AudioCall */ = {
			isa = PBXGroup;
			children = (
				37CA181F1FE2304100C1171B /* AudioViewController.swift */,
				370832AF1FE2847F00D4DC86 /* IncomingCallViewController.swift */,
				37C0FF1D1FE7A75E002EACF3 /* CallOutViewControllers.swift */,
			);
			path = AudioCall;
			sourceTree = "<group>";
		};
		370832AE1FE2840E00D4DC86 /* Manager */ = {
			isa = PBXGroup;
			children = (
				3754E2891FE12809002604CD /* QuickbloxManager.swift */,
				37DE5F851FEA43080017E09D /* DateFormatter.swift */,
				370832B51FE3800200D4DC86 /* CallManager.swift */,
				37C0FF4B1FE8BE58002EACF3 /* RingtoneManager.swift */,
				37CA181D1FE2221500C1171B /* FirebaseManager.swift */,
				3792B0CB1FF5ECEE00AB4838 /* UserProvider.swift */,
				373DB9F61FEA3F480041E34E /* DatabasePath.swift */,
			);
			path = Manager;
			sourceTree = "<group>";
		};
		371459721FDFAABF00C1F14A = {
			isa = PBXGroup;
			children = (
				371459B31FDFAF0300C1F14A /* Bridging-Header.h */,
				3714597D1FDFAABF00C1F14A /* i-Chat */,
				3714597C1FDFAABF00C1F14A /* Products */,
				2DAE148527B745ADC0987699 /* Pods */,
				EF0351E21E5259D8657B3499 /* Frameworks */,
			);
			sourceTree = "<group>";
		};
		3714597C1FDFAABF00C1F14A /* Products */ = {
			isa = PBXGroup;
			children = (
				3714597B1FDFAABF00C1F14A /* i-Chat.app */,
			);
			name = Products;
			sourceTree = "<group>";
		};
		3714597D1FDFAABF00C1F14A /* i-Chat */ = {
			isa = PBXGroup;
			children = (
				37CC15491FFF91FD006C9A81 /* Localizable.strings */,
				37CC15441FFF91FC006C9A81 /* InfoPlist.strings */,
				37C0FF4D1FE8F104002EACF3 /* i-Chat.entitlements */,
				371459BA1FDFD90500C1F14A /* Key */,
				3714597E1FDFAABF00C1F14A /* AppDelegate.swift */,
				37C0FF201FE7D26A002EACF3 /* Model */,
				370832AE1FE2840E00D4DC86 /* Manager */,
				370832AC1FE283D800D4DC86 /* Landing */,
				376C3FB61FEBA91600EAF188 /* Prefernce */,
				37C0FF1F1FE7D245002EACF3 /* Home */,
				37DE5F8B1FEA61D50017E09D /* Profile */,
				3792B0C41FF3A78700AB4838 /* Swipe */,
				37F05EE51FF64FD2006D20A6 /* Chat */,
				370832AD1FE283EB00D4DC86 /* AudioCall */,
				371459851FDFAABF00C1F14A /* Assets.xcassets */,
				37C0FF491FE8BD34002EACF3 /* iphone.mp3 */,
				371459821FDFAABF00C1F14A /* Main.storyboard */,
				372E8E0F1FF10355002CAC96 /* Ripple.swift */,
				372E8E111FF1076C002CAC96 /* Animation.swift */,
				371459871FDFAABF00C1F14A /* LaunchScreen.storyboard */,
				3714598A1FDFAABF00C1F14A /* Info.plist */,
			);
			path = "i-Chat";
			sourceTree = "<group>";
		};
		371459BA1FDFD90500C1F14A /* Key */ = {
			isa = PBXGroup;
			children = (
				371459B41FDFB16900C1F14A /* APIKey.plist */,
				37C0FF1B1FE7672C002EACF3 /* GoogleService-Info.plist */,
			);
			path = Key;
			sourceTree = "<group>";
		};
		376C3FB61FEBA91600EAF188 /* Prefernce */ = {
			isa = PBXGroup;
			children = (
				376C3FB71FEBA92900EAF188 /* GenderViewController.swift */,
				376C3FB91FEBACF900EAF188 /* PreferenceViewController.swift */,
				372E8E131FF1DD2D002CAC96 /* AgeViewController.swift */,
				376C3FBB1FEBAD9A00EAF188 /* SetImgViewController.swift */,
			);
			path = Prefernce;
			sourceTree = "<group>";
		};
		3792B0B81FF35A9F00AB4838 /* Slider */ = {
			isa = PBXGroup;
			children = (
				3792B0B91FF35AB700AB4838 /* SliderTableViewCell.swift */,
				3792B0BA1FF35AB700AB4838 /* SliderTableViewCell.xib */,
			);
			path = Slider;
			sourceTree = "<group>";
		};
		3792B0BD1FF367A300AB4838 /* Multiple */ = {
			isa = PBXGroup;
			children = (
				3792B0BE1FF367C600AB4838 /* MultipleTableViewCell.swift */,
				3792B0BF1FF367C600AB4838 /* MultipleTableViewCell.xib */,
			);
			path = Multiple;
			sourceTree = "<group>";
		};
		3792B0C21FF3716B00AB4838 /* Gender */ = {
			isa = PBXGroup;
			children = (
				3792B0B01FF2386700AB4838 /* GenderPickerController.swift */,
				37DE5F921FEA65980017E09D /* GenderPickerTableViewCell.swift */,
				37DE5F931FEA65980017E09D /* GenderPickerTableViewCell.xib */,
			);
			path = Gender;
			sourceTree = "<group>";
		};
		3792B0C31FF3717800AB4838 /* Age */ = {
			isa = PBXGroup;
			children = (
				3792B0B21FF24FDE00AB4838 /* AgeRangePickerViewController.swift */,
				3792B0B41FF2537000AB4838 /* AgeRangeTableViewCell.swift */,
				3792B0B51FF2537000AB4838 /* AgeRangeTableViewCell.xib */,
			);
			path = Age;
			sourceTree = "<group>";
		};
		3792B0C41FF3A78700AB4838 /* Swipe */ = {
			isa = PBXGroup;
			children = (
				37A5BBA21FE628A000C4F1E6 /* SwipingCollectionViewCell.swift */,
				37A5BBA31FE628A000C4F1E6 /* SwipingCollectionViewCell.xib */,
				37F05EE11FF5F30C006D20A6 /* CardView.swift */,
				37F05EE31FF5F322006D20A6 /* CardView.xib */,
				3792B0C91FF3D05200AB4838 /* ExampleOverlayView.swift */,
				37B4EDD21FF7976800185785 /* MatchViewController.swift */,
				372F85021FFE4C4D00D6BCB1 /* State.swift */,
				3792B0C71FF3CFF800AB4838 /* OverlayView.xib */,
			);
			path = Swipe;
			sourceTree = "<group>";
		};
		37C0FF1F1FE7D245002EACF3 /* Home */ = {
			isa = PBXGroup;
			children = (
				375F04B71FE3A787009D2671 /* HomeViewController.swift */,
				3717DD211FE66E35003CD462 /* HomeComponent.swift */,
				37A5BBDE1FE6313000C4F1E6 /* HomeForQuickBloxExtension.swift */,
				37DE5F9C1FEB67D60017E09D /* HomeForCellExtension.swift */,
				375F04B51FE3A739009D2671 /* MenuBar.swift */,
				37A5BB9A1FE61CE200C4F1E6 /* MenuCell.swift */,
				37A5BB9C1FE6223600C4F1E6 /* BaseCell.swift */,
			);
			path = Home;
			sourceTree = "<group>";
		};
		37C0FF201FE7D26A002EACF3 /* Model */ = {
			isa = PBXGroup;
			children = (
				370832B71FE3806700D4DC86 /* User.swift */,
				37CC153C1FFF6684006C9A81 /* ArrayExtension.swift */,
				371E76C81FF0ED9A00EF7CB2 /* ProfileImage.swift */,
				372F85061FFE89CE00D6BCB1 /* Message.swift */,
			);
			path = Model;
			sourceTree = "<group>";
		};
		37DE5F8B1FEA61D50017E09D /* Profile */ = {
			isa = PBXGroup;
			children = (
				37A5BB9E1FE6288500C4F1E6 /* ProfileCollectionViewCell.swift */,
				37A5BB9F1FE6288500C4F1E6 /* ProfileCollectionViewCell.xib */,
				37DE5F8C1FEA620A0017E09D /* SettingTableViewController.swift */,
				37DE5F9A1FEB65D90017E09D /* ImgPickerViewController.swift */,
				37DE5FA11FEB6AFA0017E09D /* Search */,
				3792B0BD1FF367A300AB4838 /* Multiple */,
				3792B0B81FF35A9F00AB4838 /* Slider */,
				37DE5F9F1FEB6AE50017E09D /* Picker */,
				37DE5F9E1FEB6AD60017E09D /* Logout */,
				37DE5FA01FEB6AF10017E09D /* Label */,
			);
			path = Profile;
			sourceTree = "<group>";
		};
		37DE5F9E1FEB6AD60017E09D /* Logout */ = {
			isa = PBXGroup;
			children = (
				37DE5F971FEA65B30017E09D /* LogoutTableViewCell.xib */,
				37DE5F961FEA65B30017E09D /* LogoutTableViewCell.swift */,
			);
			path = Logout;
			sourceTree = "<group>";
		};
		37DE5F9F1FEB6AE50017E09D /* Picker */ = {
			isa = PBXGroup;
			children = (
				3792B0C31FF3717800AB4838 /* Age */,
				3792B0C21FF3716B00AB4838 /* Gender */,
			);
			path = Picker;
			sourceTree = "<group>";
		};
		37DE5FA01FEB6AF10017E09D /* Label */ = {
			isa = PBXGroup;
			children = (
				37DE5F8E1FEA65860017E09D /* LabelTableViewCell.swift */,
				37DE5F8F1FEA65860017E09D /* LabelTableViewCell.xib */,
			);
			path = Label;
			sourceTree = "<group>";
		};
		37DE5FA11FEB6AFA0017E09D /* Search */ = {
			isa = PBXGroup;
			children = (
				37EA8ECD1FF7B5B8003FA28C /* FriendTableViewCell.swift */,
				37DE5F881FEA61D00017E09D /* SwitchTableViewCell.xib */,
				37DE5F871FEA61D00017E09D /* SwitchTableViewCell.swift */,
			);
			path = Search;
			sourceTree = "<group>";
		};
		37F05EE51FF64FD2006D20A6 /* Chat */ = {
			isa = PBXGroup;
			children = (
				37A5BBA61FE628B900C4F1E6 /* ChatCollectionViewCell.swift */,
				37A5BBA71FE628B900C4F1E6 /* ChatCollectionViewCell.xib */,
				37F61A2C1FFDD33E002DBAFA /* Collection */,
				37F61A2D1FFDD34C002DBAFA /* Table */,
			);
			path = Chat;
			sourceTree = "<group>";
		};
		37F61A2C1FFDD33E002DBAFA /* Collection */ = {
			isa = PBXGroup;
			children = (
				37E1D16D1FFB384C00EC9BA6 /* FriendCollectionViewController.swift */,
				37E1D16F1FFB38C600EC9BA6 /* FriendCollectionViewCell.swift */,
				37E1D1701FFB38C600EC9BA6 /* FriendCollectionViewCell.xib */,
				37F61A281FFDB73C002DBAFA /* FriendCollectionReusableView.swift */,
				37F61A291FFDB73C002DBAFA /* FriendCollectionReusableView.xib */,
				372F85091FFF139400D6BCB1 /* ReportViewController.swift */,
				372F850B1FFF307C00D6BCB1 /* NoFriendViewController.swift */,
			);
			path = Collection;
			sourceTree = "<group>";
		};
		37F61A2D1FFDD34C002DBAFA /* Table */ = {
			isa = PBXGroup;
			children = (
				37EA8ED21FF7DB1A003FA28C /* FriendTableViewController.swift */,
				37EA8ECE1FF7B5D4003FA28C /* FriendTableViewCell.swift */,
				37EA8ECF1FF7B5D4003FA28C /* FriendTableViewCell.xib */,
			);
			path = Table;
			sourceTree = "<group>";
		};
		EF0351E21E5259D8657B3499 /* Frameworks */ = {
			isa = PBXGroup;
			children = (
				37F495B02001DF340035DC0C /* XLActionController.framework */,
				37F495AE2001DEDF0035DC0C /* GoogleToolboxForMac.framework */,
				37F495AC2001DED70035DC0C /* GTMSessionFetcher.framework */,
				37F495AA2001DDED0035DC0C /* MZTimerLabel.framework */,
				37F495A82001DDAE0035DC0C /* Koloda.framework */,
				37F495A62001DD880035DC0C /* SwifterSwift.framework */,
				37F495A42001DD640035DC0C /* SVProgressHUD.framework */,
				37F495A22001DD4D0035DC0C /* IQKeyboardManager.framework */,
				37F495A02001DD340035DC0C /* Nuke.framework */,
				37F4959E2001DD110035DC0C /* KeychainSwift.framework */,
				371459A21FDFAC7300C1F14A /* Accelerate.framework */,
				371459A11FDFAC6E00C1F14A /* VideoToolbox.framework */,
				371459A01FDFAC6600C1F14A /* SystemConfiguration.framework */,
				3714599F1FDFAC6000C1F14A /* MobileCoreServices.framework */,
				3714599E1FDFAC5300C1F14A /* GLKit.framework */,
				3714599D1FDFAC4A00C1F14A /* CFNetwork.framework */,
				3714599B1FDFAC4300C1F14A /* libz.tbd */,
				371459991FDFAC3D00C1F14A /* libxml2.tbd */,
				371459971FDFAC3300C1F14A /* libresolv.tbd */,
				371459951FDFAC2A00C1F14A /* libc++.tbd */,
				371459931FDFAC1B00C1F14A /* libicucore.tbd */,
				371459A41FDFAC9500C1F14A /* Quickblox.framework */,
				371459A31FDFAC9500C1F14A /* QuickbloxWebRTC.framework */,
				813BB42A75F2B98DC83AC0E3 /* Pods_i_Chat.framework */,
			);
			name = Frameworks;
			sourceTree = "<group>";
		};
/* End PBXGroup section */

/* Begin PBXNativeTarget section */
		3714597A1FDFAABF00C1F14A /* i-Chat */ = {
			isa = PBXNativeTarget;
			buildConfigurationList = 3714598D1FDFAABF00C1F14A /* Build configuration list for PBXNativeTarget "i-Chat" */;
			buildPhases = (
				CE7A81B27C8464D75693AF3F /* [CP] Check Pods Manifest.lock */,
				371459771FDFAABF00C1F14A /* Sources */,
				371459781FDFAABF00C1F14A /* Frameworks */,
				371459791FDFAABF00C1F14A /* Resources */,
				C90241063E6D7B0256018559 /* [CP] Embed Pods Frameworks */,
				F3FF97B5228D53F6CB3D1522 /* [CP] Copy Pods Resources */,
				371459B11FDFACBC00C1F14A /* Embed Frameworks */,
				371459B21FDFACD700C1F14A /* ShellScript */,
				372F85081FFF097000D6BCB1 /* Crashlytics */,
			);
			buildRules = (
			);
			dependencies = (
			);
			name = "i-Chat";
			productName = "i-Chat";
			productReference = 3714597B1FDFAABF00C1F14A /* i-Chat.app */;
			productType = "com.apple.product-type.application";
		};
/* End PBXNativeTarget section */

/* Begin PBXProject section */
		371459731FDFAABF00C1F14A /* Project object */ = {
			isa = PBXProject;
			attributes = {
				LastSwiftUpdateCheck = 0910;
				LastUpgradeCheck = 0910;
				ORGANIZATIONNAME = "Jui-hsin.Chen";
				TargetAttributes = {
					3714597A1FDFAABF00C1F14A = {
						CreatedOnToolsVersion = 9.1;
						ProvisioningStyle = Automatic;
						SystemCapabilities = {
							com.apple.BackgroundModes = {
								enabled = 1;
							};
							com.apple.InterAppAudio = {
								enabled = 0;
							};
						};
					};
				};
			};
			buildConfigurationList = 371459761FDFAABF00C1F14A /* Build configuration list for PBXProject "i-Chat" */;
			compatibilityVersion = "Xcode 8.0";
			developmentRegion = en;
			hasScannedForEncodings = 0;
			knownRegions = (
				en,
				Base,
			);
			mainGroup = 371459721FDFAABF00C1F14A;
			productRefGroup = 3714597C1FDFAABF00C1F14A /* Products */;
			projectDirPath = "";
			projectRoot = "";
			targets = (
				3714597A1FDFAABF00C1F14A /* i-Chat */,
			);
		};
/* End PBXProject section */

/* Begin PBXResourcesBuildPhase section */
		371459791FDFAABF00C1F14A /* Resources */ = {
			isa = PBXResourcesBuildPhase;
			buildActionMask = 2147483647;
			files = (
				37E1D1721FFB38C600EC9BA6 /* FriendCollectionViewCell.xib in Resources */,
				371459891FDFAABF00C1F14A /* LaunchScreen.storyboard in Resources */,
				37CC15471FFF91FD006C9A81 /* Localizable.strings in Resources */,
				37DE5F8A1FEA61D00017E09D /* SwitchTableViewCell.xib in Resources */,
				3792B0C81FF3CFF800AB4838 /* OverlayView.xib in Resources */,
				37A5BBA11FE6288500C4F1E6 /* ProfileCollectionViewCell.xib in Resources */,
				37EA8ED11FF7B5D4003FA28C /* FriendTableViewCell.xib in Resources */,
				37F61A2B1FFDB73C002DBAFA /* FriendCollectionReusableView.xib in Resources */,
				37C0FF1C1FE7672C002EACF3 /* GoogleService-Info.plist in Resources */,
				37DE5F991FEA65B30017E09D /* LogoutTableViewCell.xib in Resources */,
				37CC15421FFF91FC006C9A81 /* InfoPlist.strings in Resources */,
				3792B0B71FF2537000AB4838 /* AgeRangeTableViewCell.xib in Resources */,
				37A5BBA91FE628B900C4F1E6 /* ChatCollectionViewCell.xib in Resources */,
				37F05EE41FF5F322006D20A6 /* CardView.xib in Resources */,
				371459B51FDFB16900C1F14A /* APIKey.plist in Resources */,
				371459861FDFAABF00C1F14A /* Assets.xcassets in Resources */,
				3792B0C11FF367C600AB4838 /* MultipleTableViewCell.xib in Resources */,
				37C0FF4A1FE8BD34002EACF3 /* iphone.mp3 in Resources */,
				37DE5F951FEA65980017E09D /* GenderPickerTableViewCell.xib in Resources */,
				3792B0BC1FF35AB700AB4838 /* SliderTableViewCell.xib in Resources */,
				37A5BBA51FE628A000C4F1E6 /* SwipingCollectionViewCell.xib in Resources */,
				371459841FDFAABF00C1F14A /* Main.storyboard in Resources */,
				37DE5F911FEA65860017E09D /* LabelTableViewCell.xib in Resources */,
			);
			runOnlyForDeploymentPostprocessing = 0;
		};
/* End PBXResourcesBuildPhase section */

/* Begin PBXShellScriptBuildPhase section */
		371459B21FDFACD700C1F14A /* ShellScript */ = {
			isa = PBXShellScriptBuildPhase;
			buildActionMask = 2147483647;
			files = (
			);
			inputPaths = (
			);
			outputPaths = (
			);
			runOnlyForDeploymentPostprocessing = 0;
			shellPath = /bin/sh;
			shellScript = "bash \"${BUILT_PRODUCTS_DIR}/${FRAMEWORKS_FOLDER_PATH}/QuickbloxWebRTC.framework/strip-framework.sh\"\n";
		};
		372F85081FFF097000D6BCB1 /* Crashlytics */ = {
			isa = PBXShellScriptBuildPhase;
			buildActionMask = 2147483647;
			files = (
			);
			inputPaths = (
			);
			name = Crashlytics;
			outputPaths = (
			);
			runOnlyForDeploymentPostprocessing = 0;
			shellPath = /bin/sh;
			shellScript = "bash \"${BUILT_PRODUCTS_DIR}/${FRAMEWORKS_FOLDER_PATH}/QuickbloxWebRTC.framework/strip-framework.sh\"\n\"${PODS_ROOT}/SwiftLint/swiftlint\"\n\"${PODS_ROOT}/Fabric/run\"";
		};
		C90241063E6D7B0256018559 /* [CP] Embed Pods Frameworks */ = {
			isa = PBXShellScriptBuildPhase;
			buildActionMask = 2147483647;
			files = (
			);
			inputPaths = (
				"${SRCROOT}/Pods/Target Support Files/Pods-i-Chat/Pods-i-Chat-frameworks.sh",
				"${BUILT_PRODUCTS_DIR}/GTMSessionFetcher/GTMSessionFetcher.framework",
				"${BUILT_PRODUCTS_DIR}/GoogleToolboxForMac/GoogleToolboxForMac.framework",
				"${BUILT_PRODUCTS_DIR}/IQKeyboardManager/IQKeyboardManager.framework",
				"${BUILT_PRODUCTS_DIR}/KeychainSwift/KeychainSwift.framework",
				"${BUILT_PRODUCTS_DIR}/Koloda/Koloda.framework",
				"${BUILT_PRODUCTS_DIR}/MZTimerLabel/MZTimerLabel.framework",
				"${BUILT_PRODUCTS_DIR}/Nuke/Nuke.framework",
				"${PODS_ROOT}/QuickBlox/Quickblox.framework",
				"${BUILT_PRODUCTS_DIR}/SVProgressHUD/SVProgressHUD.framework",
				"${BUILT_PRODUCTS_DIR}/SwifterSwift/SwifterSwift.framework",
				"${BUILT_PRODUCTS_DIR}/XLActionController/XLActionController.framework",
				"${BUILT_PRODUCTS_DIR}/leveldb-library/leveldb.framework",
				"${BUILT_PRODUCTS_DIR}/nanopb/nanopb.framework",
				"${BUILT_PRODUCTS_DIR}/pop/pop.framework",
			);
			name = "[CP] Embed Pods Frameworks";
			outputPaths = (
				"${TARGET_BUILD_DIR}/${FRAMEWORKS_FOLDER_PATH}/GTMSessionFetcher.framework",
				"${TARGET_BUILD_DIR}/${FRAMEWORKS_FOLDER_PATH}/GoogleToolboxForMac.framework",
				"${TARGET_BUILD_DIR}/${FRAMEWORKS_FOLDER_PATH}/IQKeyboardManager.framework",
				"${TARGET_BUILD_DIR}/${FRAMEWORKS_FOLDER_PATH}/KeychainSwift.framework",
				"${TARGET_BUILD_DIR}/${FRAMEWORKS_FOLDER_PATH}/Koloda.framework",
				"${TARGET_BUILD_DIR}/${FRAMEWORKS_FOLDER_PATH}/MZTimerLabel.framework",
				"${TARGET_BUILD_DIR}/${FRAMEWORKS_FOLDER_PATH}/Nuke.framework",
				"${TARGET_BUILD_DIR}/${FRAMEWORKS_FOLDER_PATH}/Quickblox.framework",
				"${TARGET_BUILD_DIR}/${FRAMEWORKS_FOLDER_PATH}/SVProgressHUD.framework",
				"${TARGET_BUILD_DIR}/${FRAMEWORKS_FOLDER_PATH}/SwifterSwift.framework",
				"${TARGET_BUILD_DIR}/${FRAMEWORKS_FOLDER_PATH}/XLActionController.framework",
				"${TARGET_BUILD_DIR}/${FRAMEWORKS_FOLDER_PATH}/leveldb.framework",
				"${TARGET_BUILD_DIR}/${FRAMEWORKS_FOLDER_PATH}/nanopb.framework",
				"${TARGET_BUILD_DIR}/${FRAMEWORKS_FOLDER_PATH}/pop.framework",
			);
			runOnlyForDeploymentPostprocessing = 0;
			shellPath = /bin/sh;
			shellScript = "\"${SRCROOT}/Pods/Target Support Files/Pods-i-Chat/Pods-i-Chat-frameworks.sh\"\n";
			showEnvVarsInLog = 0;
		};
		CE7A81B27C8464D75693AF3F /* [CP] Check Pods Manifest.lock */ = {
			isa = PBXShellScriptBuildPhase;
			buildActionMask = 2147483647;
			files = (
			);
			inputPaths = (
				"${PODS_PODFILE_DIR_PATH}/Podfile.lock",
				"${PODS_ROOT}/Manifest.lock",
			);
			name = "[CP] Check Pods Manifest.lock";
			outputPaths = (
				"$(DERIVED_FILE_DIR)/Pods-i-Chat-checkManifestLockResult.txt",
			);
			runOnlyForDeploymentPostprocessing = 0;
			shellPath = /bin/sh;
			shellScript = "diff \"${PODS_PODFILE_DIR_PATH}/Podfile.lock\" \"${PODS_ROOT}/Manifest.lock\" > /dev/null\nif [ $? != 0 ] ; then\n    # print error to STDERR\n    echo \"error: The sandbox is not in sync with the Podfile.lock. Run 'pod install' or update your CocoaPods installation.\" >&2\n    exit 1\nfi\n# This output is used by Xcode 'outputs' to avoid re-running this script phase.\necho \"SUCCESS\" > \"${SCRIPT_OUTPUT_FILE_0}\"\n";
			showEnvVarsInLog = 0;
		};
		F3FF97B5228D53F6CB3D1522 /* [CP] Copy Pods Resources */ = {
			isa = PBXShellScriptBuildPhase;
			buildActionMask = 2147483647;
			files = (
			);
			inputPaths = (
			);
			name = "[CP] Copy Pods Resources";
			outputPaths = (
			);
			runOnlyForDeploymentPostprocessing = 0;
			shellPath = /bin/sh;
			shellScript = "\"${SRCROOT}/Pods/Target Support Files/Pods-i-Chat/Pods-i-Chat-resources.sh\"\n";
			showEnvVarsInLog = 0;
		};
/* End PBXShellScriptBuildPhase section */

/* Begin PBXSourcesBuildPhase section */
		371459771FDFAABF00C1F14A /* Sources */ = {
			isa = PBXSourcesBuildPhase;
			buildActionMask = 2147483647;
			files = (
				37DE5F941FEA65980017E09D /* GenderPickerTableViewCell.swift in Sources */,
				37DE5F861FEA43080017E09D /* DateFormatter.swift in Sources */,
				37E1D16E1FFB384C00EC9BA6 /* FriendCollectionViewController.swift in Sources */,
				371459811FDFAABF00C1F14A /* LogInViewController.swift in Sources */,
				3792B0C01FF367C600AB4838 /* MultipleTableViewCell.swift in Sources */,
				37C0FF1E1FE7A75E002EACF3 /* CallOutViewControllers.swift in Sources */,
				3792B0BB1FF35AB700AB4838 /* SliderTableViewCell.swift in Sources */,
				37EA8ED01FF7B5D4003FA28C /* FriendTableViewCell.swift in Sources */,
				37F05EE21FF5F30C006D20A6 /* CardView.swift in Sources */,
				3754E2881FE122E4002604CD /* RegisterViewController.swift in Sources */,
				372F85051FFE552A00D6BCB1 /* EulaViewController.swift in Sources */,
				372F850C1FFF307C00D6BCB1 /* NoFriendViewController.swift in Sources */,
				376C3FBC1FEBAD9A00EAF188 /* SetImgViewController.swift in Sources */,
				37A5BBA81FE628B900C4F1E6 /* ChatCollectionViewCell.swift in Sources */,
				375F04B61FE3A73A009D2671 /* MenuBar.swift in Sources */,
				37C0FF4C1FE8BE58002EACF3 /* RingtoneManager.swift in Sources */,
				370832B61FE3800200D4DC86 /* CallManager.swift in Sources */,
				3792B0B11FF2386700AB4838 /* GenderPickerController.swift in Sources */,
				37CC153D1FFF6684006C9A81 /* ArrayExtension.swift in Sources */,
				376C3FBA1FEBACF900EAF188 /* PreferenceViewController.swift in Sources */,
				376C3FB81FEBA92900EAF188 /* GenderViewController.swift in Sources */,
				372F85031FFE4C4D00D6BCB1 /* State.swift in Sources */,
				37A5BB9D1FE6223600C4F1E6 /* BaseCell.swift in Sources */,
				372F85071FFE89CE00D6BCB1 /* Message.swift in Sources */,
				3754E28A1FE12809002604CD /* QuickbloxManager.swift in Sources */,
				37DE5F981FEA65B30017E09D /* LogoutTableViewCell.swift in Sources */,
				3792B0CC1FF5ECEE00AB4838 /* UserProvider.swift in Sources */,
				370832B01FE2847F00D4DC86 /* IncomingCallViewController.swift in Sources */,
				37B4EDD31FF7976800185785 /* MatchViewController.swift in Sources */,
				37CA181E1FE2221500C1171B /* FirebaseManager.swift in Sources */,
				3792B0B61FF2537000AB4838 /* AgeRangeTableViewCell.swift in Sources */,
				3792B0B31FF24FDE00AB4838 /* AgeRangePickerViewController.swift in Sources */,
				37DE5F8D1FEA620A0017E09D /* SettingTableViewController.swift in Sources */,
				37DE5F901FEA65860017E09D /* LabelTableViewCell.swift in Sources */,
				37A5BBDF1FE6313000C4F1E6 /* HomeForQuickBloxExtension.swift in Sources */,
				37A5BBA41FE628A000C4F1E6 /* SwipingCollectionViewCell.swift in Sources */,
				371E76C91FF0ED9A00EF7CB2 /* ProfileImage.swift in Sources */,
				372E8E141FF1DD2D002CAC96 /* AgeViewController.swift in Sources */,
				37DE5F9B1FEB65D90017E09D /* ImgPickerViewController.swift in Sources */,
				375F04B81FE3A787009D2671 /* HomeViewController.swift in Sources */,
				3717DD221FE66E35003CD462 /* HomeComponent.swift in Sources */,
				372E8E101FF10355002CAC96 /* Ripple.swift in Sources */,
				37DE5F9D1FEB67D60017E09D /* HomeForCellExtension.swift in Sources */,
				37A5BBA01FE6288500C4F1E6 /* ProfileCollectionViewCell.swift in Sources */,
				373DB9F71FEA3F480041E34E /* DatabasePath.swift in Sources */,
				37E1D1711FFB38C600EC9BA6 /* FriendCollectionViewCell.swift in Sources */,
				372E8E121FF1076C002CAC96 /* Animation.swift in Sources */,
				37DE5F891FEA61D00017E09D /* SwitchTableViewCell.swift in Sources */,
				370832B81FE3806700D4DC86 /* User.swift in Sources */,
				372F850A1FFF139400D6BCB1 /* ReportViewController.swift in Sources */,
				3792B0CA1FF3D05200AB4838 /* ExampleOverlayView.swift in Sources */,
				37F61A2A1FFDB73C002DBAFA /* FriendCollectionReusableView.swift in Sources */,
				37EA8ED31FF7DB1A003FA28C /* FriendTableViewController.swift in Sources */,
				37A5BB9B1FE61CE200C4F1E6 /* MenuCell.swift in Sources */,
				37CA18201FE2304100C1171B /* AudioViewController.swift in Sources */,
				3714597F1FDFAABF00C1F14A /* AppDelegate.swift in Sources */,
			);
			runOnlyForDeploymentPostprocessing = 0;
		};
/* End PBXSourcesBuildPhase section */

/* Begin PBXVariantGroup section */
		371459821FDFAABF00C1F14A /* Main.storyboard */ = {
			isa = PBXVariantGroup;
			children = (
				371459831FDFAABF00C1F14A /* Base */,
				37CC153E1FFF8F67006C9A81 /* zh-Hant */,
			);
			name = Main.storyboard;
			sourceTree = "<group>";
		};
		371459871FDFAABF00C1F14A /* LaunchScreen.storyboard */ = {
			isa = PBXVariantGroup;
			children = (
				371459881FDFAABF00C1F14A /* Base */,
				37CC153F1FFF8F67006C9A81 /* zh-Hant */,
			);
			name = LaunchScreen.storyboard;
			sourceTree = "<group>";
		};
		37CC15441FFF91FC006C9A81 /* InfoPlist.strings */ = {
			isa = PBXVariantGroup;
			children = (
				37CC15431FFF91FC006C9A81 /* zh-Hant */,
			);
			name = InfoPlist.strings;
			sourceTree = "<group>";
		};
		37CC15491FFF91FD006C9A81 /* Localizable.strings */ = {
			isa = PBXVariantGroup;
			children = (
				37CC15481FFF91FD006C9A81 /* zh-Hant */,
			);
			name = Localizable.strings;
			sourceTree = "<group>";
		};
/* End PBXVariantGroup section */

/* Begin XCBuildConfiguration section */
		3714598B1FDFAABF00C1F14A /* Debug */ = {
			isa = XCBuildConfiguration;
			buildSettings = {
				ALWAYS_SEARCH_USER_PATHS = NO;
				CLANG_ANALYZER_LOCALIZABILITY_NONLOCALIZED = YES;
				CLANG_ANALYZER_NONNULL = YES;
				CLANG_ANALYZER_NUMBER_OBJECT_CONVERSION = YES_AGGRESSIVE;
				CLANG_CXX_LANGUAGE_STANDARD = "gnu++14";
				CLANG_CXX_LIBRARY = "libc++";
				CLANG_ENABLE_MODULES = YES;
				CLANG_ENABLE_OBJC_ARC = YES;
				CLANG_WARN_BLOCK_CAPTURE_AUTORELEASING = YES;
				CLANG_WARN_BOOL_CONVERSION = YES;
				CLANG_WARN_COMMA = YES;
				CLANG_WARN_CONSTANT_CONVERSION = YES;
				CLANG_WARN_DIRECT_OBJC_ISA_USAGE = YES_ERROR;
				CLANG_WARN_DOCUMENTATION_COMMENTS = YES;
				CLANG_WARN_EMPTY_BODY = YES;
				CLANG_WARN_ENUM_CONVERSION = YES;
				CLANG_WARN_INFINITE_RECURSION = YES;
				CLANG_WARN_INT_CONVERSION = YES;
				CLANG_WARN_NON_LITERAL_NULL_CONVERSION = YES;
				CLANG_WARN_OBJC_LITERAL_CONVERSION = YES;
				CLANG_WARN_OBJC_ROOT_CLASS = YES_ERROR;
				CLANG_WARN_RANGE_LOOP_ANALYSIS = YES;
				CLANG_WARN_STRICT_PROTOTYPES = YES;
				CLANG_WARN_SUSPICIOUS_MOVE = YES;
				CLANG_WARN_UNGUARDED_AVAILABILITY = YES_AGGRESSIVE;
				CLANG_WARN_UNREACHABLE_CODE = YES;
				CLANG_WARN__DUPLICATE_METHOD_MATCH = YES;
				CODE_SIGN_IDENTITY = "iPhone Developer";
				COPY_PHASE_STRIP = NO;
				DEBUG_INFORMATION_FORMAT = dwarf;
				ENABLE_STRICT_OBJC_MSGSEND = YES;
				ENABLE_TESTABILITY = YES;
				GCC_C_LANGUAGE_STANDARD = gnu11;
				GCC_DYNAMIC_NO_PIC = NO;
				GCC_NO_COMMON_BLOCKS = YES;
				GCC_OPTIMIZATION_LEVEL = 0;
				GCC_PREPROCESSOR_DEFINITIONS = (
					"DEBUG=1",
					"$(inherited)",
				);
				GCC_WARN_64_TO_32_BIT_CONVERSION = YES;
				GCC_WARN_ABOUT_RETURN_TYPE = YES_ERROR;
				GCC_WARN_UNDECLARED_SELECTOR = YES;
				GCC_WARN_UNINITIALIZED_AUTOS = YES_AGGRESSIVE;
				GCC_WARN_UNUSED_FUNCTION = YES;
				GCC_WARN_UNUSED_VARIABLE = YES;
				IPHONEOS_DEPLOYMENT_TARGET = 11.1;
				MTL_ENABLE_DEBUG_INFO = YES;
				ONLY_ACTIVE_ARCH = YES;
				SDKROOT = iphoneos;
				SWIFT_ACTIVE_COMPILATION_CONDITIONS = DEBUG;
				SWIFT_OPTIMIZATION_LEVEL = "-Onone";
				SYSTEM_FRAMEWORK_SEARCH_PATHS = "";
			};
			name = Debug;
		};
		3714598C1FDFAABF00C1F14A /* Release */ = {
			isa = XCBuildConfiguration;
			buildSettings = {
				ALWAYS_SEARCH_USER_PATHS = NO;
				CLANG_ANALYZER_LOCALIZABILITY_NONLOCALIZED = YES;
				CLANG_ANALYZER_NONNULL = YES;
				CLANG_ANALYZER_NUMBER_OBJECT_CONVERSION = YES_AGGRESSIVE;
				CLANG_CXX_LANGUAGE_STANDARD = "gnu++14";
				CLANG_CXX_LIBRARY = "libc++";
				CLANG_ENABLE_MODULES = YES;
				CLANG_ENABLE_OBJC_ARC = YES;
				CLANG_WARN_BLOCK_CAPTURE_AUTORELEASING = YES;
				CLANG_WARN_BOOL_CONVERSION = YES;
				CLANG_WARN_COMMA = YES;
				CLANG_WARN_CONSTANT_CONVERSION = YES;
				CLANG_WARN_DIRECT_OBJC_ISA_USAGE = YES_ERROR;
				CLANG_WARN_DOCUMENTATION_COMMENTS = YES;
				CLANG_WARN_EMPTY_BODY = YES;
				CLANG_WARN_ENUM_CONVERSION = YES;
				CLANG_WARN_INFINITE_RECURSION = YES;
				CLANG_WARN_INT_CONVERSION = YES;
				CLANG_WARN_NON_LITERAL_NULL_CONVERSION = YES;
				CLANG_WARN_OBJC_LITERAL_CONVERSION = YES;
				CLANG_WARN_OBJC_ROOT_CLASS = YES_ERROR;
				CLANG_WARN_RANGE_LOOP_ANALYSIS = YES;
				CLANG_WARN_STRICT_PROTOTYPES = YES;
				CLANG_WARN_SUSPICIOUS_MOVE = YES;
				CLANG_WARN_UNGUARDED_AVAILABILITY = YES_AGGRESSIVE;
				CLANG_WARN_UNREACHABLE_CODE = YES;
				CLANG_WARN__DUPLICATE_METHOD_MATCH = YES;
				CODE_SIGN_IDENTITY = "iPhone Developer";
				COPY_PHASE_STRIP = NO;
				DEBUG_INFORMATION_FORMAT = "dwarf-with-dsym";
				ENABLE_NS_ASSERTIONS = NO;
				ENABLE_STRICT_OBJC_MSGSEND = YES;
				GCC_C_LANGUAGE_STANDARD = gnu11;
				GCC_NO_COMMON_BLOCKS = YES;
				GCC_WARN_64_TO_32_BIT_CONVERSION = YES;
				GCC_WARN_ABOUT_RETURN_TYPE = YES_ERROR;
				GCC_WARN_UNDECLARED_SELECTOR = YES;
				GCC_WARN_UNINITIALIZED_AUTOS = YES_AGGRESSIVE;
				GCC_WARN_UNUSED_FUNCTION = YES;
				GCC_WARN_UNUSED_VARIABLE = YES;
				IPHONEOS_DEPLOYMENT_TARGET = 11.1;
				MTL_ENABLE_DEBUG_INFO = NO;
				SDKROOT = iphoneos;
				SWIFT_OPTIMIZATION_LEVEL = "-Owholemodule";
				VALIDATE_PRODUCT = YES;
			};
			name = Release;
		};
		3714598E1FDFAABF00C1F14A /* Debug */ = {
			isa = XCBuildConfiguration;
			baseConfigurationReference = 498AF12EB1C3EB42182F2692 /* Pods-i-Chat.debug.xcconfig */;
			buildSettings = {
				ASSETCATALOG_COMPILER_APPICON_NAME = AppIcon;
				CODE_SIGN_STYLE = Automatic;
				DEBUG_INFORMATION_FORMAT = "dwarf-with-dsym";
				DEVELOPMENT_TEAM = L8HW62WTEC;
				FRAMEWORK_SEARCH_PATHS = (
					"$(inherited)",
					"$(PROJECT_DIR)",
				);
				INFOPLIST_FILE = "i-Chat/Info.plist";
				IPHONEOS_DEPLOYMENT_TARGET = 10.2;
				LD_RUNPATH_SEARCH_PATHS = "$(inherited) @executable_path/Frameworks";
				PRODUCT_BUNDLE_IDENTIFIER = "com.hsin.chen-i-Chat";
				PRODUCT_NAME = "$(TARGET_NAME)";
				SWIFT_OBJC_BRIDGING_HEADER = "Bridging-Header.h";
				SWIFT_VERSION = 4.0;
				TARGETED_DEVICE_FAMILY = "1,2";
			};
			name = Debug;
		};
		3714598F1FDFAABF00C1F14A /* Release */ = {
			isa = XCBuildConfiguration;
			baseConfigurationReference = 3618AF86542D903ECA050532 /* Pods-i-Chat.release.xcconfig */;
			buildSettings = {
				ASSETCATALOG_COMPILER_APPICON_NAME = AppIcon;
				CODE_SIGN_STYLE = Automatic;
				DEVELOPMENT_TEAM = L8HW62WTEC;
				FRAMEWORK_SEARCH_PATHS = (
					"$(inherited)",
					"$(PROJECT_DIR)",
				);
				INFOPLIST_FILE = "i-Chat/Info.plist";
				IPHONEOS_DEPLOYMENT_TARGET = 10.2;
				LD_RUNPATH_SEARCH_PATHS = "$(inherited) @executable_path/Frameworks";
				PRODUCT_BUNDLE_IDENTIFIER = "com.hsin.chen-i-Chat";
				PRODUCT_NAME = "$(TARGET_NAME)";
				SWIFT_OBJC_BRIDGING_HEADER = "Bridging-Header.h";
				SWIFT_VERSION = 4.0;
				TARGETED_DEVICE_FAMILY = "1,2";
			};
			name = Release;
		};
/* End XCBuildConfiguration section */

/* Begin XCConfigurationList section */
		371459761FDFAABF00C1F14A /* Build configuration list for PBXProject "i-Chat" */ = {
			isa = XCConfigurationList;
			buildConfigurations = (
				3714598B1FDFAABF00C1F14A /* Debug */,
				3714598C1FDFAABF00C1F14A /* Release */,
			);
			defaultConfigurationIsVisible = 0;
			defaultConfigurationName = Release;
		};
		3714598D1FDFAABF00C1F14A /* Build configuration list for PBXNativeTarget "i-Chat" */ = {
			isa = XCConfigurationList;
			buildConfigurations = (
				3714598E1FDFAABF00C1F14A /* Debug */,
				3714598F1FDFAABF00C1F14A /* Release */,
			);
			defaultConfigurationIsVisible = 0;
			defaultConfigurationName = Release;
		};
/* End XCConfigurationList section */
	};
	rootObject = 371459731FDFAABF00C1F14A /* Project object */;
}
